{
    "name": "swgohbot",
    "version": "2.0.0",
    "lockfileVersion": 1,
    "requires": true,
    "dependencies": {
        "@discordjs/collection": {
            "version": "0.1.5",
            "resolved": "https://registry.npmjs.org/@discordjs/collection/-/collection-0.1.5.tgz",
            "integrity": "sha512-CU1q0UXQUpFNzNB7gufgoisDHP7n+T3tkqTsp3MNUkVJ5+hS3BCvME8uCXAUFlz+6T2FbTCu75A+yQ7HMKqRKw=="
        },
        "@discordjs/form-data": {
            "version": "3.0.1",
            "resolved": "https://registry.npmjs.org/@discordjs/form-data/-/form-data-3.0.1.tgz",
            "integrity": "sha512-ZfFsbgEXW71Rw/6EtBdrP5VxBJy4dthyC0tpQKGKmYFImlmmrykO14Za+BiIVduwjte0jXEBlhSKf0MWbFp9Eg==",
            "requires": {
                "asynckit": "^0.4.0",
                "combined-stream": "^1.0.8",
                "mime-types": "^2.1.12"
            },
            "dependencies": {
                "combined-stream": {
                    "version": "1.0.8",
                    "resolved": "https://registry.npmjs.org/combined-stream/-/combined-stream-1.0.8.tgz",
                    "integrity": "sha512-FQN4MRfuJeHf7cBbBMJFXhKSDq+2kAArBlmRBvcvFE5BB1HZKXtSFASDhdlz9zOYwxh8lDdnvmMOe/+5cdoEdg==",
                    "requires": {
                        "delayed-stream": "~1.0.0"
                    }
                }
            }
        },
        "@types/color-name": {
            "version": "1.1.1",
            "resolved": "https://registry.npmjs.org/@types/color-name/-/color-name-1.1.1.tgz",
            "integrity": "sha512-rr+OQyAjxze7GgWrSaJwydHStIhHq2lvY3BOC2Mj7KnzI7XK0Uw1TOOdI9lDoajEbSWLiYgoo4f1R51erQfhPQ=="
        },
        "@types/node": {
            "version": "11.13.4",
            "resolved": "https://registry.npmjs.org/@types/node/-/node-11.13.4.tgz",
            "integrity": "sha512-+rabAZZ3Yn7tF/XPGHupKIL5EcAbrLxnTr/hgQICxbeuAfWtT0UZSfULE+ndusckBItcv4o6ZeOJplQikVcLvQ=="
        },
        "abort-controller": {
            "version": "3.0.0",
            "resolved": "https://registry.npmjs.org/abort-controller/-/abort-controller-3.0.0.tgz",
            "integrity": "sha512-h8lQ8tacZYnR3vNQTgibj+tODHI5/+l06Au2Pcriv/Gmet0eaj4TwWH41sO9wnHDiQsEj19q0drzdWdeAHtweg==",
            "requires": {
                "event-target-shim": "^5.0.0"
            }
        },
        "ansi-styles": {
            "version": "4.2.1",
            "resolved": "https://registry.npmjs.org/ansi-styles/-/ansi-styles-4.2.1.tgz",
            "integrity": "sha512-9VGjrMsG1vePxcSweQsN20KY/c4zN0h9fLjqAbwbPfahM3t+NL+M9HC8xeXG2I8pX5NoamTGNuomEUFI7fcUjA==",
            "requires": {
                "@types/color-name": "^1.1.1",
                "color-convert": "^2.0.1"
            }
        },
        "any-promise": {
            "version": "1.3.0",
            "resolved": "https://registry.npmjs.org/any-promise/-/any-promise-1.3.0.tgz",
            "integrity": "sha1-q8av7tzqUugJzcA3au0845Y10X8="
        },
        "api-swgoh-help": {
            "version": "3.3.0",
            "resolved": "https://registry.npmjs.org/api-swgoh-help/-/api-swgoh-help-3.3.0.tgz",
            "integrity": "sha512-WYm9fY0yJ9I4QFFsEBkd23c1CwkEsFmUdgPpeJNIDEpreLmpIwMZm5enY4E2OG+RfRmjORGe9RkI17I5HoDQgA==",
            "requires": {
                "node-fetch": "^2.1.2",
                "performance-now": "^2.1.0"
            }
        },
        "asynckit": {
            "version": "0.4.0",
            "resolved": "https://registry.npmjs.org/asynckit/-/asynckit-0.4.0.tgz",
            "integrity": "sha1-x57Zf380y48robyXkLzDZkdLS3k="
        },
        "bignumber.js": {
            "version": "7.2.1",
            "resolved": "https://registry.npmjs.org/bignumber.js/-/bignumber.js-7.2.1.tgz",
            "integrity": "sha512-S4XzBk5sMB+Rcb/LNcpzXr57VRTxgAvaAEDAl1AwRx27j00hT84O6OkteE7u8UB3NuaaygCRrEpqox4uDOrbdQ=="
        },
        "bl": {
            "version": "2.2.0",
            "resolved": "https://registry.npmjs.org/bl/-/bl-2.2.0.tgz",
            "integrity": "sha512-wbgvOpqopSr7uq6fJrLH8EsvYMJf9gzfo2jCsL2eTy75qXPukA4pCgHamOQkZtY5vmfVtjB+P3LNlMHW5CEZXA==",
            "requires": {
                "readable-stream": "^2.3.5",
                "safe-buffer": "^5.1.1"
            }
        },
        "bluebird": {
            "version": "3.7.2",
            "resolved": "https://registry.npmjs.org/bluebird/-/bluebird-3.7.2.tgz",
            "integrity": "sha512-XpNj6GDQzdfW+r2Wnn7xiSAd7TM3jzkxGXBGTtWKuSXv1xUV+azxAm8jdWZN06QTQk+2N2XB9jRDkvbmQmcRtg=="
        },
        "boolbase": {
            "version": "1.0.0",
            "resolved": "https://registry.npmjs.org/boolbase/-/boolbase-1.0.0.tgz",
            "integrity": "sha1-aN/1++YMUes3cl6p4+0xDcwed24="
        },
        "bson": {
            "version": "1.1.4",
            "resolved": "https://registry.npmjs.org/bson/-/bson-1.1.4.tgz",
            "integrity": "sha512-S/yKGU1syOMzO86+dGpg2qGoDL0zvzcb262G+gqEy6TgP6rt6z6qxSFX/8X6vLC91P7G7C3nLs0+bvDzmvBA3Q=="
        },
        "buffer-writer": {
            "version": "2.0.0",
            "resolved": "https://registry.npmjs.org/buffer-writer/-/buffer-writer-2.0.0.tgz",
            "integrity": "sha512-a7ZpuTZU1TRtnwyCNW3I5dc0wWNC3VR9S++Ewyk2HHZdrO3CQJqSpd+95Us590V6AL7JqUAH2IwZ/398PmNFgw=="
        },
        "chalk": {
            "version": "4.1.0",
            "resolved": "https://registry.npmjs.org/chalk/-/chalk-4.1.0.tgz",
            "integrity": "sha512-qwx12AxXe2Q5xQ43Ac//I6v5aXTipYrSESdOgzrN+9XjgEpyjpKuvSGaN4qE93f7TQTlerQQ8S+EQ0EyDoVL1A==",
            "requires": {
                "ansi-styles": "^4.1.0",
                "supports-color": "^7.1.0"
            }
        },
        "cheerio": {
            "version": "1.0.0-rc.3",
            "resolved": "https://registry.npmjs.org/cheerio/-/cheerio-1.0.0-rc.3.tgz",
            "integrity": "sha512-0td5ijfUPuubwLUu0OBoe98gZj8C/AA+RW3v67GPlGOrvxWjZmBXiBCRU+I8VEiNyJzjth40POfHiz2RB3gImA==",
            "requires": {
                "css-select": "~1.2.0",
                "dom-serializer": "~0.1.1",
                "entities": "~1.1.1",
                "htmlparser2": "^3.9.1",
                "lodash": "^4.15.0",
                "parse5": "^3.0.1"
            }
        },
        "cls-bluebird": {
            "version": "2.1.0",
            "resolved": "https://registry.npmjs.org/cls-bluebird/-/cls-bluebird-2.1.0.tgz",
            "integrity": "sha1-N+8eCAqP+1XC9BZPU28ZGeeWiu4=",
            "requires": {
                "is-bluebird": "^1.0.2",
                "shimmer": "^1.1.0"
            }
        },
        "color-convert": {
            "version": "2.0.1",
            "resolved": "https://registry.npmjs.org/color-convert/-/color-convert-2.0.1.tgz",
            "integrity": "sha512-RRECPsj7iu/xb5oKYcsFHSppFNnsj/52OVTRKb4zP5onXwVF3zVmmToNcOfGC+CRDpfK/U584fMg38ZHCaElKQ==",
            "requires": {
                "color-name": "~1.1.4"
            }
        },
        "color-name": {
            "version": "1.1.4",
            "resolved": "https://registry.npmjs.org/color-name/-/color-name-1.1.4.tgz",
            "integrity": "sha512-dOy+3AuW3a2wNbZHIuMZpTcgjGuLU/uBL/ubcZF9OXbDo8ff4O8yVp5Bf0efS8uEoYo5q4Fx7dY9OgQGXgAsQA=="
        },
        "core-util-is": {
            "version": "1.0.2",
            "resolved": "https://registry.npmjs.org/core-util-is/-/core-util-is-1.0.2.tgz",
            "integrity": "sha1-tf1UIgqivFq1eqtxQMlAdUUDwac="
        },
        "cron-parser": {
            "version": "2.9.0",
            "resolved": "https://registry.npmjs.org/cron-parser/-/cron-parser-2.9.0.tgz",
            "integrity": "sha512-WkHhWssz4OxEdepOIt3dXYQiKZgPwgeF1yzBMlLwnUCwv0ziNeINNbMs5haoG10ikM/j0LMrrhEsuK2Blt638w==",
            "requires": {
                "is-nan": "^1.2.1",
                "moment-timezone": "^0.5.23"
            }
        },
        "css-select": {
            "version": "1.2.0",
            "resolved": "https://registry.npmjs.org/css-select/-/css-select-1.2.0.tgz",
            "integrity": "sha1-KzoRBTnFNV8c2NMUYj6HCxIeyFg=",
            "requires": {
                "boolbase": "~1.0.0",
                "css-what": "2.1",
                "domutils": "1.5.1",
                "nth-check": "~1.0.1"
            }
        },
        "css-what": {
            "version": "2.1.3",
            "resolved": "https://registry.npmjs.org/css-what/-/css-what-2.1.3.tgz",
            "integrity": "sha512-a+EPoD+uZiNfh+5fxw2nO9QwFa6nJe2Or35fGY6Ipw1R3R4AGz1d1TEZrCegvw2YTmZ0jXirGYlzxxpYSHwpEg=="
        },
        "debug": {
            "version": "4.1.1",
            "resolved": "https://registry.npmjs.org/debug/-/debug-4.1.1.tgz",
            "integrity": "sha512-pYAIzeRo8J6KPEaJ0VWOh5Pzkbw/RetuzehGM7QRRX5he4fPHx2rdKMB256ehJCkX+XRQm16eZLqLNS8RSZXZw==",
            "requires": {
                "ms": "^2.1.1"
            }
        },
        "define-properties": {
            "version": "1.1.3",
            "resolved": "https://registry.npmjs.org/define-properties/-/define-properties-1.1.3.tgz",
            "integrity": "sha512-3MqfYKj2lLzdMSf8ZIZE/V+Zuy+BgD6f164e8K2w7dgnpKArBDerGYpM46IYYcjnkdPNMjPk9A6VFB8+3SKlXQ==",
            "requires": {
                "object-keys": "^1.0.12"
            }
        },
        "delayed-stream": {
            "version": "1.0.0",
            "resolved": "https://registry.npmjs.org/delayed-stream/-/delayed-stream-1.0.0.tgz",
            "integrity": "sha1-3zrhmayt+31ECqrgsp4icrJOxhk="
        },
        "denque": {
            "version": "1.4.1",
            "resolved": "https://registry.npmjs.org/denque/-/denque-1.4.1.tgz",
            "integrity": "sha512-OfzPuSZKGcgr96rf1oODnfjqBFmr1DVoc/TrItj3Ohe0Ah1C5WX5Baquw/9U9KovnQ88EqmJbD66rKYUQYN1tQ=="
        },
        "discord.js": {
            "version": "12.2.0",
            "resolved": "https://registry.npmjs.org/discord.js/-/discord.js-12.2.0.tgz",
            "integrity": "sha512-Ueb/0SOsxXyqwvwFYFe0msMrGqH1OMqpp2Dpbplnlr4MzcRrFWwsBM9gKNZXPVBHWUKiQkwU8AihXBXIvTTSvg==",
            "requires": {
                "@discordjs/collection": "^0.1.5",
                "@discordjs/form-data": "^3.0.1",
                "abort-controller": "^3.0.0",
                "node-fetch": "^2.6.0",
                "prism-media": "^1.2.0",
                "setimmediate": "^1.0.5",
                "tweetnacl": "^1.0.3",
                "ws": "^7.2.1"
            }
        },
        "dom-serializer": {
            "version": "0.1.1",
            "resolved": "https://registry.npmjs.org/dom-serializer/-/dom-serializer-0.1.1.tgz",
            "integrity": "sha512-l0IU0pPzLWSHBcieZbpOKgkIn3ts3vAh7ZuFyXNwJxJXk/c4Gwj9xaTJwIDVQCXawWD0qb3IzMGH5rglQaO0XA==",
            "requires": {
                "domelementtype": "^1.3.0",
                "entities": "^1.1.1"
            }
        },
        "domelementtype": {
            "version": "1.3.1",
            "resolved": "https://registry.npmjs.org/domelementtype/-/domelementtype-1.3.1.tgz",
            "integrity": "sha512-BSKB+TSpMpFI/HOxCNr1O8aMOTZ8hT3pM3GQ0w/mWRmkhEDSFJkkyzz4XQsBV44BChwGkrDfMyjVD0eA2aFV3w=="
        },
        "domhandler": {
            "version": "2.4.2",
            "resolved": "https://registry.npmjs.org/domhandler/-/domhandler-2.4.2.tgz",
            "integrity": "sha512-JiK04h0Ht5u/80fdLMCEmV4zkNh2BcoMFBmZ/91WtYZ8qVXSKjiw7fXMgFPnHcSZgOo3XdinHvmnDUeMf5R4wA==",
            "requires": {
                "domelementtype": "1"
            }
        },
        "domutils": {
            "version": "1.5.1",
            "resolved": "https://registry.npmjs.org/domutils/-/domutils-1.5.1.tgz",
            "integrity": "sha1-3NhIiib1Y9YQeeSMn3t+Mjc2gs8=",
            "requires": {
                "dom-serializer": "0",
                "domelementtype": "1"
            }
        },
        "dottie": {
            "version": "2.0.2",
            "resolved": "https://registry.npmjs.org/dottie/-/dottie-2.0.2.tgz",
            "integrity": "sha512-fmrwR04lsniq/uSr8yikThDTrM7epXHBAAjH9TbeH3rEA8tdCO7mRzB9hdmdGyJCxF8KERo9CITcm3kGuoyMhg=="
        },
        "entities": {
            "version": "1.1.2",
            "resolved": "https://registry.npmjs.org/entities/-/entities-1.1.2.tgz",
            "integrity": "sha512-f2LZMYl1Fzu7YSBKg+RoROelpOaNrcGmE9AZubeDfrCEia483oW4MI4VyFd5VNHIgQ/7qm1I0wUHK1eJnn2y2w=="
        },
        "event-target-shim": {
            "version": "5.0.1",
            "resolved": "https://registry.npmjs.org/event-target-shim/-/event-target-shim-5.0.1.tgz",
            "integrity": "sha512-i/2XbnSz/uxRCU6+NdVJgKWDTM427+MqYbkQzD321DuCQJUqOuJKIA0IM2+W2xtYHdKOmZ4dR6fExsd4SXL+WQ=="
        },
        "fuse-js-latest": {
            "version": "3.1.0",
            "resolved": "https://registry.npmjs.org/fuse-js-latest/-/fuse-js-latest-3.1.0.tgz",
            "integrity": "sha1-lWwOp5sj6+VbnUf9/2mu9ixlFik="
        },
        "has-flag": {
            "version": "4.0.0",
            "resolved": "https://registry.npmjs.org/has-flag/-/has-flag-4.0.0.tgz",
            "integrity": "sha512-EykJT/Q1KjTWctppgIAgfSO0tKVuZUjhgMr17kqTumMl6Afv3EISleU7qZUzoXDFTAHTDC4NOoG/ZxU3EvlMPQ=="
        },
        "htmlparser2": {
            "version": "3.10.1",
            "resolved": "https://registry.npmjs.org/htmlparser2/-/htmlparser2-3.10.1.tgz",
            "integrity": "sha512-IgieNijUMbkDovyoKObU1DUhm1iwNYE/fuifEoEHfd1oZKZDaONBSkal7Y01shxsM49R4XaMdGez3WnF9UfiCQ==",
            "requires": {
                "domelementtype": "^1.3.1",
                "domhandler": "^2.3.0",
                "domutils": "^1.5.1",
                "entities": "^1.1.1",
                "inherits": "^2.0.1",
                "readable-stream": "^3.1.1"
            },
            "dependencies": {
                "readable-stream": {
                    "version": "3.3.0",
                    "resolved": "https://registry.npmjs.org/readable-stream/-/readable-stream-3.3.0.tgz",
                    "integrity": "sha512-EsI+s3k3XsW+fU8fQACLN59ky34AZ14LoeVZpYwmZvldCFo0r0gnelwF2TcMjLor/BTL5aDJVBMkss0dthToPw==",
                    "requires": {
                        "inherits": "^2.0.3",
                        "string_decoder": "^1.1.1",
                        "util-deprecate": "^1.0.1"
                    }
                }
            }
        },
        "inflection": {
            "version": "1.12.0",
            "resolved": "https://registry.npmjs.org/inflection/-/inflection-1.12.0.tgz",
            "integrity": "sha1-ogCTVlbW9fa8TcdQLhrstwMihBY="
        },
        "inherits": {
            "version": "2.0.3",
            "resolved": "https://registry.npmjs.org/inherits/-/inherits-2.0.3.tgz",
            "integrity": "sha1-Yzwsg+PaQqUC9SRmAiSA9CCCYd4="
        },
        "is-bluebird": {
            "version": "1.0.2",
            "resolved": "https://registry.npmjs.org/is-bluebird/-/is-bluebird-1.0.2.tgz",
            "integrity": "sha1-CWQ5Bg9KpBGr7hkUOoTWpVNG1uI="
        },
        "is-nan": {
            "version": "1.2.1",
            "resolved": "https://registry.npmjs.org/is-nan/-/is-nan-1.2.1.tgz",
            "integrity": "sha1-n69ltvttskt/XAYoR16nH5iEAeI=",
            "requires": {
                "define-properties": "^1.1.1"
            }
        },
        "isarray": {
            "version": "1.0.0",
            "resolved": "https://registry.npmjs.org/isarray/-/isarray-1.0.0.tgz",
            "integrity": "sha1-u5NdSFgsuhaMBoNJV6VKPgcSTxE="
        },
        "lodash": {
            "version": "4.17.15",
            "resolved": "https://registry.npmjs.org/lodash/-/lodash-4.17.15.tgz",
            "integrity": "sha512-8xOcRHvCjnocdS5cpwXQXVzmmh5e5+saE2QGoeQmbKmRS6J3VQppPOIt0MnmE+4xlZoumy0GPG0D0MVIQbNA1A=="
        },
        "long-timeout": {
            "version": "0.1.1",
            "resolved": "https://registry.npmjs.org/long-timeout/-/long-timeout-0.1.1.tgz",
            "integrity": "sha1-lyHXiLR+C8taJMLivuGg2lXatRQ="
        },
        "memory-pager": {
            "version": "1.5.0",
            "resolved": "https://registry.npmjs.org/memory-pager/-/memory-pager-1.5.0.tgz",
            "integrity": "sha512-ZS4Bp4r/Zoeq6+NLJpP+0Zzm0pR8whtGPf1XExKLJBAczGMnSi3It14OiNCStjQjM6NU1okjQGSxgEZN8eBYKg==",
            "optional": true
        },
        "mime-db": {
            "version": "1.38.0",
            "resolved": "https://registry.npmjs.org/mime-db/-/mime-db-1.38.0.tgz",
            "integrity": "sha512-bqVioMFFzc2awcdJZIzR3HjZFX20QhilVS7hytkKrv7xFAn8bM1gzc/FOX2awLISvWe0PV8ptFKcon+wZ5qYkg=="
        },
        "mime-types": {
            "version": "2.1.22",
            "resolved": "https://registry.npmjs.org/mime-types/-/mime-types-2.1.22.tgz",
            "integrity": "sha512-aGl6TZGnhm/li6F7yx82bJiBZwgiEa4Hf6CNr8YO+r5UHr53tSTYZb102zyU50DOWWKeOv0uQLRL0/9EiKWCog==",
            "requires": {
                "mime-db": "~1.38.0"
            }
        },
        "moment": {
            "version": "2.25.1",
            "resolved": "https://registry.npmjs.org/moment/-/moment-2.25.1.tgz",
            "integrity": "sha512-nRKMf9wDS4Fkyd0C9LXh2FFXinD+iwbJ5p/lh3CHitW9kZbRbJ8hCruiadiIXZVbeAqKZzqcTvHnK3mRhFjb6w=="
        },
        "moment-duration-format": {
            "version": "2.3.2",
            "resolved": "https://registry.npmjs.org/moment-duration-format/-/moment-duration-format-2.3.2.tgz",
            "integrity": "sha512-cBMXjSW+fjOb4tyaVHuaVE/A5TqkukDWiOfxxAjY+PEqmmBQlLwn+8OzwPiG3brouXKY5Un4pBjAeB6UToXHaQ=="
        },
        "moment-timezone": {
            "version": "0.5.31",
            "resolved": "https://registry.npmjs.org/moment-timezone/-/moment-timezone-0.5.31.tgz",
            "integrity": "sha512-+GgHNg8xRhMXfEbv81iDtrVeTcWt0kWmTEY1XQK14dICTXnWJnT0dxdlPspwqF3keKMVPXwayEsk1DI0AA/jdA==",
            "requires": {
                "moment": ">= 2.9.0"
            }
        },
        "mongodb": {
            "version": "3.5.7",
            "resolved": "https://registry.npmjs.org/mongodb/-/mongodb-3.5.7.tgz",
            "integrity": "sha512-lMtleRT+vIgY/JhhTn1nyGwnSMmJkJELp+4ZbrjctrnBxuLbj6rmLuJFz8W2xUzUqWmqoyVxJLYuC58ZKpcTYQ==",
            "requires": {
                "bl": "^2.2.0",
                "bson": "^1.1.4",
                "denque": "^1.4.1",
                "require_optional": "^1.0.1",
                "safe-buffer": "^5.1.2",
                "saslprep": "^1.0.0"
            },
            "dependencies": {
                "safe-buffer": {
                    "version": "5.2.0",
                    "resolved": "https://registry.npmjs.org/safe-buffer/-/safe-buffer-5.2.0.tgz",
                    "integrity": "sha512-fZEwUGbVl7kouZs1jCdMLdt95hdIv0ZeHg6L7qPeciMZhZ+/gdesW4wgTARkrFWEpspjEATAzUGPG8N2jJiwbg=="
                }
            }
        },
        "ms": {
            "version": "2.1.2",
            "resolved": "https://registry.npmjs.org/ms/-/ms-2.1.2.tgz",
            "integrity": "sha512-sGkPx+VjMtmA6MX27oA4FBFELFCZZ4S4XqeGOXCv68tT+jb3vk/RyaKWP0PTKyWtmLSM0b+adUTEvbs1PEaH2w=="
        },
        "mysql": {
            "version": "2.17.1",
            "resolved": "https://registry.npmjs.org/mysql/-/mysql-2.17.1.tgz",
            "integrity": "sha512-7vMqHQ673SAk5C8fOzTG2LpPcf3bNt0oL3sFpxPEEFp1mdlDcrLK0On7z8ZYKaaHrHwNcQ/MTUz7/oobZ2OyyA==",
            "requires": {
                "bignumber.js": "7.2.1",
                "readable-stream": "2.3.6",
                "safe-buffer": "5.1.2",
                "sqlstring": "2.3.1"
            },
            "dependencies": {
                "safe-buffer": {
                    "version": "5.1.2",
                    "resolved": "https://registry.npmjs.org/safe-buffer/-/safe-buffer-5.1.2.tgz",
                    "integrity": "sha512-Gd2UZBJDkXlY7GbJxfsE8/nvKkUEU1G38c1siN6QP6a9PT9MmHB8GnpscSmMJSoF8LOIrt8ud/wPtojys4G6+g=="
                }
            }
        },
        "node-fetch": {
            "version": "2.6.0",
            "resolved": "https://registry.npmjs.org/node-fetch/-/node-fetch-2.6.0.tgz",
            "integrity": "sha512-8dG4H5ujfvFiqDmVu9fQ5bOHUC15JMjMY/Zumv26oOvvVJjM67KF8koCWIabKQ1GJIa9r2mMZscBq/TbdOcmNA=="
        },
        "node-schedule": {
            "version": "1.3.2",
            "resolved": "https://registry.npmjs.org/node-schedule/-/node-schedule-1.3.2.tgz",
            "integrity": "sha512-GIND2pHMHiReSZSvS6dpZcDH7pGPGFfWBIEud6S00Q8zEIzAs9ommdyRK1ZbQt8y1LyZsJYZgPnyi7gpU2lcdw==",
            "requires": {
                "cron-parser": "^2.7.3",
                "long-timeout": "0.1.1",
                "sorted-array-functions": "^1.0.0"
            }
        },
        "nth-check": {
            "version": "1.0.2",
            "resolved": "https://registry.npmjs.org/nth-check/-/nth-check-1.0.2.tgz",
            "integrity": "sha512-WeBOdju8SnzPN5vTUJYxYUxLeXpCaVP5i5e0LF8fg7WORF2Wd7wFX/pk0tYZk7s8T+J7VLy0Da6J1+wCT0AtHg==",
            "requires": {
                "boolbase": "~1.0.0"
            }
        },
        "object-keys": {
            "version": "1.1.0",
            "resolved": "https://registry.npmjs.org/object-keys/-/object-keys-1.1.0.tgz",
            "integrity": "sha512-6OO5X1+2tYkNyNEx6TsCxEqFfRWaqx6EtMiSbGrw8Ob8v9Ne+Hl8rBAgLBZn5wjEz3s/s6U1WXFUFOcxxAwUpg=="
        },
        "packet-reader": {
            "version": "1.0.0",
            "resolved": "https://registry.npmjs.org/packet-reader/-/packet-reader-1.0.0.tgz",
            "integrity": "sha512-HAKu/fG3HpHFO0AA8WE8q2g+gBJaZ9MG7fcKk+IJPLTGAD6Psw4443l+9DGRbOIh3/aXr7Phy0TjilYivJo5XQ=="
        },
        "parse5": {
            "version": "3.0.3",
            "resolved": "https://registry.npmjs.org/parse5/-/parse5-3.0.3.tgz",
            "integrity": "sha512-rgO9Zg5LLLkfJF9E6CCmXlSE4UVceloys8JrFqCcHloC3usd/kJCyPDwH2SOlzix2j3xaP9sUX3e8+kvkuleAA==",
            "requires": {
                "@types/node": "*"
            }
        },
        "performance-now": {
            "version": "2.1.0",
            "resolved": "https://registry.npmjs.org/performance-now/-/performance-now-2.1.0.tgz",
            "integrity": "sha1-Ywn04OX6kT7BxpMHrjZLSzd8nns="
        },
        "pg": {
            "version": "8.0.3",
            "resolved": "https://registry.npmjs.org/pg/-/pg-8.0.3.tgz",
            "integrity": "sha512-fvcNXn4o/iq4jKq15Ix/e58q3jPSmzOp6/8C3CaHoSR/bsxdg+1FXfDRePdtE/zBb3++TytvOrS1hNef3WC/Kg==",
            "requires": {
                "buffer-writer": "2.0.0",
                "packet-reader": "1.0.0",
                "pg-connection-string": "0.1.3",
                "pg-pool": "^3.1.1",
                "pg-protocol": "^1.2.2",
                "pg-types": "^2.1.0",
                "pgpass": "1.x",
                "semver": "4.3.2"
            },
            "dependencies": {
                "semver": {
                    "version": "4.3.2",
                    "resolved": "https://registry.npmjs.org/semver/-/semver-4.3.2.tgz",
                    "integrity": "sha1-x6BxWKgL7dBSNVt3DYLWZA+AO+c="
                }
            }
        },
        "pg-connection-string": {
            "version": "0.1.3",
            "resolved": "https://registry.npmjs.org/pg-connection-string/-/pg-connection-string-0.1.3.tgz",
            "integrity": "sha1-2hhHsglA5C7hSSvq9l1J2RskXfc="
        },
        "pg-hstore": {
            "version": "2.3.3",
            "resolved": "https://registry.npmjs.org/pg-hstore/-/pg-hstore-2.3.3.tgz",
            "integrity": "sha512-qpeTpdkguFgfdoidtfeTho1Q1zPVPbtMHgs8eQ+Aan05iLmIs3Z3oo5DOZRclPGoQ4i68I1kCtQSJSa7i0ZVYg==",
            "requires": {
                "underscore": "^1.7.0"
            }
        },
        "pg-int8": {
            "version": "1.0.1",
            "resolved": "https://registry.npmjs.org/pg-int8/-/pg-int8-1.0.1.tgz",
            "integrity": "sha512-WCtabS6t3c8SkpDBUlb1kjOs7l66xsGdKpIPZsg4wR+B3+u9UAum2odSsF9tnvxg80h4ZxLWMy4pRjOsFIqQpw=="
        },
        "pg-pool": {
            "version": "3.1.1",
            "resolved": "https://registry.npmjs.org/pg-pool/-/pg-pool-3.1.1.tgz",
            "integrity": "sha512-kYH6S0mcZF1TPg1F9boFee2JlCSm2oqnlR2Mz2Wgn1psQbEBNVeNTJCw2wCK48QsctwvGUzbxLMg/lYV6hL/3A=="
        },
        "pg-protocol": {
            "version": "1.2.2",
            "resolved": "https://registry.npmjs.org/pg-protocol/-/pg-protocol-1.2.2.tgz",
            "integrity": "sha512-r8hGxHOk3ccMjjmhFJ/QOSVW5A+PP84TeRlEwB/cQ9Zu+bvtZg8Z59Cx3AMfVQc9S0Z+EG+HKhicF1W1GN5Eqg=="
        },
        "pg-types": {
            "version": "2.2.0",
            "resolved": "https://registry.npmjs.org/pg-types/-/pg-types-2.2.0.tgz",
            "integrity": "sha512-qTAAlrEsl8s4OiEQY69wDvcMIdQN6wdz5ojQiOy6YRMuynxenON0O5oCpJI6lshc6scgAY8qvJ2On/p+CXY0GA==",
            "requires": {
                "pg-int8": "1.0.1",
                "postgres-array": "~2.0.0",
                "postgres-bytea": "~1.0.0",
                "postgres-date": "~1.0.4",
                "postgres-interval": "^1.1.0"
            }
        },
        "pgpass": {
            "version": "1.0.2",
            "resolved": "https://registry.npmjs.org/pgpass/-/pgpass-1.0.2.tgz",
            "integrity": "sha1-Knu0G2BltnkH6R2hsHwYR8h3swY=",
            "requires": {
                "split": "^1.0.0"
            }
        },
        "postgres-array": {
            "version": "2.0.0",
            "resolved": "https://registry.npmjs.org/postgres-array/-/postgres-array-2.0.0.tgz",
            "integrity": "sha512-VpZrUqU5A69eQyW2c5CA1jtLecCsN2U/bD6VilrFDWq5+5UIEVO7nazS3TEcHf1zuPYO/sqGvUvW62g86RXZuA=="
        },
        "postgres-bytea": {
            "version": "1.0.0",
            "resolved": "https://registry.npmjs.org/postgres-bytea/-/postgres-bytea-1.0.0.tgz",
            "integrity": "sha1-AntTPAqokOJtFy1Hz5zOzFIazTU="
        },
        "postgres-date": {
            "version": "1.0.5",
            "resolved": "https://registry.npmjs.org/postgres-date/-/postgres-date-1.0.5.tgz",
            "integrity": "sha512-pdau6GRPERdAYUQwkBnGKxEfPyhVZXG/JiS44iZWiNdSOWE09N2lUgN6yshuq6fVSon4Pm0VMXd1srUUkLe9iA=="
        },
        "postgres-interval": {
            "version": "1.2.0",
            "resolved": "https://registry.npmjs.org/postgres-interval/-/postgres-interval-1.2.0.tgz",
            "integrity": "sha512-9ZhXKM/rw350N1ovuWHbGxnGh/SNJ4cnxHiM0rxE4VN41wsg8P8zWn9hv/buK00RP4WvlOyr/RBDiptyxVbkZQ==",
            "requires": {
                "xtend": "^4.0.0"
            }
        },
        "prism-media": {
            "version": "1.2.2",
            "resolved": "https://registry.npmjs.org/prism-media/-/prism-media-1.2.2.tgz",
            "integrity": "sha512-I+nkWY212lJ500jLe4tN9tWO7nRiBAVdMv76P9kffZjYhw20raMlW1HSSvS+MLXC9MmbNZCazMrAr+5jEEgTuw=="
        },
        "process-nextick-args": {
            "version": "2.0.1",
            "resolved": "https://registry.npmjs.org/process-nextick-args/-/process-nextick-args-2.0.1.tgz",
            "integrity": "sha512-3ouUOpQhtgrbOa17J7+uxOTpITYWaGP7/AhoR3+A+/1e9skrzelGi/dXzEYyvbxubEF6Wn2ypscTKiKJFFn1ag=="
        },
        "readable-stream": {
            "version": "2.3.6",
            "resolved": "https://registry.npmjs.org/readable-stream/-/readable-stream-2.3.6.tgz",
            "integrity": "sha512-tQtKA9WIAhBF3+VLAseyMqZeBjW0AHJoxOtYqSUZNJxauErmLbVm2FW1y+J/YA9dUrAC39ITejlZWhVIwawkKw==",
            "requires": {
                "core-util-is": "~1.0.0",
                "inherits": "~2.0.3",
                "isarray": "~1.0.0",
                "process-nextick-args": "~2.0.0",
                "safe-buffer": "~5.1.1",
                "string_decoder": "~1.1.1",
                "util-deprecate": "~1.0.1"
            }
        },
        "require_optional": {
            "version": "1.0.1",
            "resolved": "https://registry.npmjs.org/require_optional/-/require_optional-1.0.1.tgz",
            "integrity": "sha512-qhM/y57enGWHAe3v/NcwML6a3/vfESLe/sGM2dII+gEO0BpKRUkWZow/tyloNqJyN6kXSl3RyyM8Ll5D/sJP8g==",
            "requires": {
                "resolve-from": "^2.0.0",
                "semver": "^5.1.0"
            }
        },
        "resolve-from": {
            "version": "2.0.0",
            "resolved": "https://registry.npmjs.org/resolve-from/-/resolve-from-2.0.0.tgz",
            "integrity": "sha1-lICrIOlP+h2egKgEx+oUdhGWa1c="
        },
        "retry-as-promised": {
            "version": "3.2.0",
            "resolved": "https://registry.npmjs.org/retry-as-promised/-/retry-as-promised-3.2.0.tgz",
            "integrity": "sha512-CybGs60B7oYU/qSQ6kuaFmRd9sTZ6oXSc0toqePvV74Ac6/IFZSI1ReFQmtCN+uvW1Mtqdwpvt/LGOiCBAY2Mg==",
            "requires": {
                "any-promise": "^1.3.0"
            }
        },
        "safe-buffer": {
            "version": "5.1.1",
            "resolved": "https://registry.npmjs.org/safe-buffer/-/safe-buffer-5.1.1.tgz",
            "integrity": "sha512-kKvNJn6Mm93gAczWVJg7wH+wGYWNrDHdWvpUmHyEsgCtIwwo3bqPtV4tR5tuPaUhTOo/kvhVwd8XwwOllGYkbg=="
        },
        "saslprep": {
            "version": "1.0.3",
            "resolved": "https://registry.npmjs.org/saslprep/-/saslprep-1.0.3.tgz",
            "integrity": "sha512-/MY/PEMbk2SuY5sScONwhUDsV2p77Znkb/q3nSVstq/yQzYJOH/Azh29p9oJLsl3LnQwSvZDKagDGBsBwSooag==",
            "optional": true,
            "requires": {
                "sparse-bitfield": "^3.0.3"
            }
        },
        "semver": {
            "version": "5.7.1",
            "resolved": "https://registry.npmjs.org/semver/-/semver-5.7.1.tgz",
            "integrity": "sha512-sauaDf/PZdVgrLTNYHRtpXa1iRiKcaebiKQ1BJdpQlWH2lCvexQdX55snPFyK7QzpudqbCI0qXFfOasHdyNDGQ=="
        },
        "sequelize": {
            "version": "5.21.3",
            "resolved": "https://registry.npmjs.org/sequelize/-/sequelize-5.21.3.tgz",
            "integrity": "sha512-ptdeAxwTY0zbj7AK8m+SH3z52uHVrt/qmOTSIGo/kyfnSp3h5HeKlywkJf5GEk09kuRrPHfWARVSXH1W3IGU7g==",
            "requires": {
                "bluebird": "^3.5.0",
                "cls-bluebird": "^2.1.0",
                "debug": "^4.1.1",
                "dottie": "^2.0.0",
                "inflection": "1.12.0",
                "lodash": "^4.17.15",
                "moment": "^2.24.0",
                "moment-timezone": "^0.5.21",
                "retry-as-promised": "^3.2.0",
                "semver": "^6.3.0",
                "sequelize-pool": "^2.3.0",
                "toposort-class": "^1.0.1",
                "uuid": "^3.3.3",
                "validator": "^10.11.0",
                "wkx": "^0.4.8"
            },
            "dependencies": {
                "semver": {
                    "version": "6.3.0",
                    "resolved": "https://registry.npmjs.org/semver/-/semver-6.3.0.tgz",
                    "integrity": "sha512-b39TBaTSfV6yBrapU89p5fKekE2m/NwnDocOVruQFS1/veMgdzuPcnOM34M6CwxW8jH/lxEa5rBoDeUwu5HHTw=="
                },
                "uuid": {
                    "version": "3.3.3",
                    "resolved": "https://registry.npmjs.org/uuid/-/uuid-3.3.3.tgz",
                    "integrity": "sha512-pW0No1RGHgzlpHJO1nsVrHKpOEIxkGg1xB+v0ZmdNH5OAeAwzAVrCnI2/6Mtx+Uys6iaylxa+D3g4j63IKKjSQ=="
                }
            }
        },
        "sequelize-pool": {
            "version": "2.3.0",
            "resolved": "https://registry.npmjs.org/sequelize-pool/-/sequelize-pool-2.3.0.tgz",
            "integrity": "sha512-Ibz08vnXvkZ8LJTiUOxRcj1Ckdn7qafNZ2t59jYHMX1VIebTAOYefWdRYFt6z6+hy52WGthAHAoLc9hvk3onqA=="
        },
        "setimmediate": {
            "version": "1.0.5",
            "resolved": "https://registry.npmjs.org/setimmediate/-/setimmediate-1.0.5.tgz",
            "integrity": "sha1-KQy7Iy4waULX1+qbg3Mqt4VvgoU="
        },
        "shimmer": {
            "version": "1.2.1",
            "resolved": "https://registry.npmjs.org/shimmer/-/shimmer-1.2.1.tgz",
            "integrity": "sha512-sQTKC1Re/rM6XyFM6fIAGHRPVGvyXfgzIDvzoq608vM+jeyVD0Tu1E6Np0Kc2zAIFWIj963V2800iF/9LPieQw=="
        },
        "sorted-array-functions": {
            "version": "1.2.0",
            "resolved": "https://registry.npmjs.org/sorted-array-functions/-/sorted-array-functions-1.2.0.tgz",
            "integrity": "sha512-sWpjPhIZJtqO77GN+LD8dDsDKcWZ9GCOJNqKzi1tvtjGIzwfoyuRH8S0psunmc6Z5P+qfDqztSbwYR5X/e1UTg=="
        },
        "sparse-bitfield": {
            "version": "3.0.3",
            "resolved": "https://registry.npmjs.org/sparse-bitfield/-/sparse-bitfield-3.0.3.tgz",
            "integrity": "sha1-/0rm5oZWBWuks+eSqzM004JzyhE=",
            "optional": true,
            "requires": {
                "memory-pager": "^1.0.2"
            }
        },
        "split": {
            "version": "1.0.1",
            "resolved": "https://registry.npmjs.org/split/-/split-1.0.1.tgz",
            "integrity": "sha512-mTyOoPbrivtXnwnIxZRFYRrPNtEFKlpB2fvjSnCQUiAA6qAZzqwna5envK4uk6OIeP17CsdF3rSBGYVBsU0Tkg==",
            "requires": {
                "through": "2"
            }
        },
        "sqlstring": {
            "version": "2.3.1",
            "resolved": "https://registry.npmjs.org/sqlstring/-/sqlstring-2.3.1.tgz",
            "integrity": "sha1-R1OT/56RR5rqYtyvDKPRSYOn+0A="
        },
        "string_decoder": {
            "version": "1.1.1",
            "resolved": "https://registry.npmjs.org/string_decoder/-/string_decoder-1.1.1.tgz",
            "integrity": "sha512-n/ShnvDi6FHbbVfviro+WojiFzv+s8MPMHBczVePfUpDJLwoLT0ht1l4YwBCbi8pJAveEEdnkHyPyTP/mzRfwg==",
            "requires": {
                "safe-buffer": "~5.1.0"
            }
        },
        "supports-color": {
            "version": "7.1.0",
            "resolved": "https://registry.npmjs.org/supports-color/-/supports-color-7.1.0.tgz",
            "integrity": "sha512-oRSIpR8pxT1Wr2FquTNnGet79b3BWljqOuoW/h4oBhxJ/HUbX5nX6JSruTkvXDCFMwDPvsaTTbvMLKZWSy0R5g==",
            "requires": {
                "has-flag": "^4.0.0"
            }
        },
        "swgoh-stat-calc": {
            "version": "1.1.0",
            "resolved": "https://registry.npmjs.org/swgoh-stat-calc/-/swgoh-stat-calc-1.1.0.tgz",
            "integrity": "sha512-YnxSrivvXMb2KvTI2tmA1dOr5njGM9n05rl6llrFJJ5fNM0G+euGPCbSpmXADsMWrjAm6Nq+QG1CKtq+xzx06Q=="
        },
        "through": {
            "version": "2.3.8",
            "resolved": "https://registry.npmjs.org/through/-/through-2.3.8.tgz",
            "integrity": "sha1-DdTJ/6q8NXlgsbckEV1+Doai4fU="
        },
        "toposort-class": {
            "version": "1.0.1",
            "resolved": "https://registry.npmjs.org/toposort-class/-/toposort-class-1.0.1.tgz",
            "integrity": "sha1-f/0feMi+KMO6Rc1OGj9e4ZO9mYg="
        },
        "tweetnacl": {
            "version": "1.0.3",
            "resolved": "https://registry.npmjs.org/tweetnacl/-/tweetnacl-1.0.3.tgz",
            "integrity": "sha512-6rt+RN7aOi1nGMyC4Xa5DdYiukl2UWCbcJft7YhxReBGQD7OAM8Pbxw6YMo4r2diNEA8FEmu32YOn9rhaiE5yw=="
        },
        "underscore": {
            "version": "1.9.1",
            "resolved": "https://registry.npmjs.org/underscore/-/underscore-1.9.1.tgz",
            "integrity": "sha512-5/4etnCkd9c8gwgowi5/om/mYO5ajCaOgdzj/oW+0eQV9WxKBDZw5+ycmKmeaTXjInS/W0BzpGLo2xR2aBwZdg=="
        },
        "util-deprecate": {
            "version": "1.0.2",
            "resolved": "https://registry.npmjs.org/util-deprecate/-/util-deprecate-1.0.2.tgz",
            "integrity": "sha1-RQ1Nyfpw3nMnYvvS1KKJgUGaDM8="
        },
        "validator": {
            "version": "10.11.0",
            "resolved": "https://registry.npmjs.org/validator/-/validator-10.11.0.tgz",
            "integrity": "sha512-X/p3UZerAIsbBfN/IwahhYaBbY68EN/UQBWHtsbXGT5bfrH/p4NQzUCG1kF/rtKaNpnJ7jAu6NGTdSNtyNIXMw=="
        },
        "wkx": {
            "version": "0.4.8",
            "resolved": "https://registry.npmjs.org/wkx/-/wkx-0.4.8.tgz",
            "integrity": "sha512-ikPXMM9IR/gy/LwiOSqWlSL3X/J5uk9EO2hHNRXS41eTLXaUFEVw9fn/593jW/tE5tedNg8YjT5HkCa4FqQZyQ==",
            "requires": {
                "@types/node": "*"
            }
        },
        "ws": {
            "version": "7.3.0",
            "resolved": "https://registry.npmjs.org/ws/-/ws-7.3.0.tgz",
            "integrity": "sha512-iFtXzngZVXPGgpTlP1rBqsUK82p9tKqsWRPg5L56egiljujJT3vGAYnHANvFxBieXrTFavhzhxW52jnaWV+w2w=="
        },
        "xtend": {
            "version": "4.0.2",
            "resolved": "https://registry.npmjs.org/xtend/-/xtend-4.0.2.tgz",
            "integrity": "sha512-LKYU1iAXJXUgAXn9URjiu+MWhyUXHsvfp7mcuYm9dSUKK0/CjtrUwFAxD82/mCWbtLsGjFIad0wIsod4zrTAEQ=="
        }
    }
}
